
Microsoft Visual Studio Solution File, Format Version 12.00
# Visual Studio Version 17
VisualStudioVersion = 17.4.33213.308
MinimumVisualStudioVersion = 10.0.40219.1
Project("{2150E333-8FDC-42A3-9474-1A3956D46DE8}") = "Core", "Core", "{B52A4BF8-EBFC-469D-9C22-B57433F649EF}"
EndProject
Project("{2150E333-8FDC-42A3-9474-1A3956D46DE8}") = "Infrastructure", "Infrastructure", "{C7D969D3-1A5F-4EC5-9CC8-9CD1CCD27465}"
EndProject
Project("{2150E333-8FDC-42A3-9474-1A3956D46DE8}") = "Presentation", "Presentation", "{A5A8902A-14E8-4EA5-8AED-0CB28550F78E}"
EndProject
Project("{FAE04EC0-301F-11D3-BF4B-00C04F79EFBC}") = "ExamSupervisionSystem.Domain", "Core\ExamSupervisionSystem.Domain\ExamSupervisionSystem.Domain.csproj", "{7BECEAFC-8B92-4EF8-8CD9-1E49442C071C}"
EndProject
Project("{FAE04EC0-301F-11D3-BF4B-00C04F79EFBC}") = "ExamSupervisionSystem.Application", "Core\ExamSupervisionSystem.Application\ExamSupervisionSystem.Application.csproj", "{DE48576E-8F62-4CE0-989B-721F26D1B436}"
EndProject
Project("{FAE04EC0-301F-11D3-BF4B-00C04F79EFBC}") = "ExamSupervisionSystem.Persistence", "Infrastructure\ExamSupervisionSystem.Persistence\ExamSupervisionSystem.Persistence.csproj", "{ED569945-DE4C-493F-98E5-301E53E6156A}"
EndProject
Project("{FAE04EC0-301F-11D3-BF4B-00C04F79EFBC}") = "ExamSupervisionSystem.WebApp", "Presentation\ExamSupervisionSystem.WebApp\ExamSupervisionSystem.WebApp.csproj", "{438221E8-96A2-4839-AF18-23832953FC4E}"
EndProject
Global
	GlobalSection(SolutionProperties) = preSolution
		HideSolutionNode = FALSE
	EndGlobalSection
	GlobalSection(ExtensibilityGlobals) = postSolution
		SolutionGuid = {FC73B03F-3F90-4CC8-B297-2020297FEFD8}
	EndGlobalSection
	GlobalSection(NestedProjects) = preSolution
		{7BECEAFC-8B92-4EF8-8CD9-1E49442C071C} = {B52A4BF8-EBFC-469D-9C22-B57433F649EF}
		{DE48576E-8F62-4CE0-989B-721F26D1B436} = {B52A4BF8-EBFC-469D-9C22-B57433F649EF}
		{ED569945-DE4C-493F-98E5-301E53E6156A} = {C7D969D3-1A5F-4EC5-9CC8-9CD1CCD27465}
		{438221E8-96A2-4839-AF18-23832953FC4E} = {A5A8902A-14E8-4EA5-8AED-0CB28550F78E}
	EndGlobalSection
	GlobalSection(ProjectConfigurationPlatforms) = postSolution
	EndGlobalSection
	GlobalSection(SolutionConfigurationPlatforms) = preSolution
	EndGlobalSection
EndGlobal
